
Microsoft Visual Studio Solution File, Format Version 12.00
# Visual Studio Version 17
VisualStudioVersion = 17.10.35027.167
MinimumVisualStudioVersion = 10.0.40219.1
Project("{FAE04EC0-301F-11D3-BF4B-00C04F79EFBC}") = "JuniorAcademy.Domain", "JuniorAcademy.Core\JuniorAcademy.Domain.csproj", "{78A5AB00-A607-43A7-941E-1B5E7678F851}"
EndProject
Project("{FAE04EC0-301F-11D3-BF4B-00C04F79EFBC}") = "JuniorAcademy.Infraestrutura", "JuniorAcademy.Infraestrutura\JuniorAcademy.Infraestrutura.csproj", "{A97F4CC1-6C6E-4E42-A12D-F754D54C8675}"
EndProject
Project("{FAE04EC0-301F-11D3-BF4B-00C04F79EFBC}") = "JuniorAcademy.Testes", "JuniorAcademy.Testes\JuniorAcademy.Testes.csproj", "{28B83E8D-6DC5-476B-B428-EE6310F1807F}"
EndProject
Global
	GlobalSection(SolutionConfigurationPlatforms) = preSolution
		Debug|Any CPU = Debug|Any CPU
		Release|Any CPU = Release|Any CPU
	EndGlobalSection
	GlobalSection(ProjectConfigurationPlatforms) = postSolution
		{78A5AB00-A607-43A7-941E-1B5E7678F851}.Debug|Any CPU.ActiveCfg = Debug|Any CPU
		{78A5AB00-A607-43A7-941E-1B5E7678F851}.Debug|Any CPU.Build.0 = Debug|Any CPU
		{78A5AB00-A607-43A7-941E-1B5E7678F851}.Release|Any CPU.ActiveCfg = Release|Any CPU
		{78A5AB00-A607-43A7-941E-1B5E7678F851}.Release|Any CPU.Build.0 = Release|Any CPU
		{A97F4CC1-6C6E-4E42-A12D-F754D54C8675}.Debug|Any CPU.ActiveCfg = Debug|Any CPU
		{A97F4CC1-6C6E-4E42-A12D-F754D54C8675}.Debug|Any CPU.Build.0 = Debug|Any CPU
		{A97F4CC1-6C6E-4E42-A12D-F754D54C8675}.Release|Any CPU.ActiveCfg = Release|Any CPU
		{A97F4CC1-6C6E-4E42-A12D-F754D54C8675}.Release|Any CPU.Build.0 = Release|Any CPU
		{28B83E8D-6DC5-476B-B428-EE6310F1807F}.Debug|Any CPU.ActiveCfg = Debug|Any CPU
		{28B83E8D-6DC5-476B-B428-EE6310F1807F}.Debug|Any CPU.Build.0 = Debug|Any CPU
		{28B83E8D-6DC5-476B-B428-EE6310F1807F}.Release|Any CPU.ActiveCfg = Release|Any CPU
		{28B83E8D-6DC5-476B-B428-EE6310F1807F}.Release|Any CPU.Build.0 = Release|Any CPU
	EndGlobalSection
	GlobalSection(SolutionProperties) = preSolution
		HideSolutionNode = FALSE
	EndGlobalSection
	GlobalSection(ExtensibilityGlobals) = postSolution
		SolutionGuid = {199032A8-66F3-45CA-9984-D9513B529A1E}
	EndGlobalSection
EndGlobal
